
Microsoft Visual Studio Solution File, Format Version 12.00
# Visual Studio Version 16
VisualStudioVersion = 16.0.28606.126
MinimumVisualStudioVersion = 10.0.40219.1
Project("{9A19103F-16F7-4668-BE54-9A1E7A4F7556}") = "DREAS", "DREAS.csproj", "{255EF4AA-7430-4C58-B680-28879BCDC1EB}"
EndProject
Project("{FAE04EC0-301F-11D3-BF4B-00C04F79EFBC}") = "Core", "..\Core\Core.csproj", "{6C053BBA-511C-4AAD-A337-01E1E6E7B44D}"
EndProject
Project("{FAE04EC0-301F-11D3-BF4B-00C04F79EFBC}") = "Data", "..\Data\Data.csproj", "{07A01B73-6843-45AC-9C01-CCE010C0E9E9}"
EndProject
Project("{FAE04EC0-301F-11D3-BF4B-00C04F79EFBC}") = "Domain", "..\Domain\Domain.csproj", "{C3755037-6A8A-4CFD-8BB5-8A09E3FD2485}"
EndProject
Global
	GlobalSection(SolutionConfigurationPlatforms) = preSolution
		Debug|Any CPU = Debug|Any CPU
		Release|Any CPU = Release|Any CPU
	EndGlobalSection
	GlobalSection(ProjectConfigurationPlatforms) = postSolution
		{255EF4AA-7430-4C58-B680-28879BCDC1EB}.Debug|Any CPU.ActiveCfg = Debug|Any CPU
		{255EF4AA-7430-4C58-B680-28879BCDC1EB}.Debug|Any CPU.Build.0 = Debug|Any CPU
		{255EF4AA-7430-4C58-B680-28879BCDC1EB}.Release|Any CPU.ActiveCfg = Release|Any CPU
		{255EF4AA-7430-4C58-B680-28879BCDC1EB}.Release|Any CPU.Build.0 = Release|Any CPU
		{6C053BBA-511C-4AAD-A337-01E1E6E7B44D}.Debug|Any CPU.ActiveCfg = Debug|Any CPU
		{6C053BBA-511C-4AAD-A337-01E1E6E7B44D}.Debug|Any CPU.Build.0 = Debug|Any CPU
		{6C053BBA-511C-4AAD-A337-01E1E6E7B44D}.Release|Any CPU.ActiveCfg = Release|Any CPU
		{6C053BBA-511C-4AAD-A337-01E1E6E7B44D}.Release|Any CPU.Build.0 = Release|Any CPU
		{07A01B73-6843-45AC-9C01-CCE010C0E9E9}.Debug|Any CPU.ActiveCfg = Debug|Any CPU
		{07A01B73-6843-45AC-9C01-CCE010C0E9E9}.Debug|Any CPU.Build.0 = Debug|Any CPU
		{07A01B73-6843-45AC-9C01-CCE010C0E9E9}.Release|Any CPU.ActiveCfg = Release|Any CPU
		{07A01B73-6843-45AC-9C01-CCE010C0E9E9}.Release|Any CPU.Build.0 = Release|Any CPU
		{C3755037-6A8A-4CFD-8BB5-8A09E3FD2485}.Debug|Any CPU.ActiveCfg = Debug|Any CPU
		{C3755037-6A8A-4CFD-8BB5-8A09E3FD2485}.Debug|Any CPU.Build.0 = Debug|Any CPU
		{C3755037-6A8A-4CFD-8BB5-8A09E3FD2485}.Release|Any CPU.ActiveCfg = Release|Any CPU
		{C3755037-6A8A-4CFD-8BB5-8A09E3FD2485}.Release|Any CPU.Build.0 = Release|Any CPU
	EndGlobalSection
	GlobalSection(SolutionProperties) = preSolution
		HideSolutionNode = FALSE
	EndGlobalSection
	GlobalSection(ExtensibilityGlobals) = postSolution
		SolutionGuid = {BFA43211-0D58-4432-A8CB-287119C37D6D}
	EndGlobalSection
EndGlobal
